{
  "nodes": {
    "disko": {
      "inputs": {
        "nixpkgs": [
          "nixpkgs"
        ]
      },
      "locked": {
        "lastModified": 1789770686,
        "narHash": "sha256-uZkBR7yHdIKUFB5SZdfgh1qkGfI3XmYmI/lTiquxbck=",
        "ref": "refs/heads/master",
        "rev": "725ea35e410ad83be4931d1bff7e090eacaf3563",
        "revCount": 1394,
        "type": "git",
        "url": "https://github.com/nix-community/disko"
      },
      "original": {
        "type": "git",
        "url": "https://github.com/nix-community/disko"
      }
    },
    "nixpkgs": {
      "locked": {
        "lastModified": 1790340521,
        "narHash": "sha256-cRrWlIjVRJ6BHDr9caUdXsZ3owzWIKYHpNmGPHBInIU=",
        "ref": "nixos-26.05",
        "rev": "f5c082a40f7571c266e74e80ae2e68aadd8a9fc7",
        "shallow": true,
        "type": "git",
        "url": "https://github.com/NixOS/nixpkgs"
      },
      "original": {
        "ref": "nixos-26.05",
        "shallow": true,
        "type": "git",
        "url": "https://github.com/NixOS/nixpkgs"
      }
    },
    "root": {
      "inputs": {
        "disko": "disko",
        "nixpkgs": "nixpkgs",
        "sops-nix": "sops-nix"
      }
    },
    "sops-nix": {
      "inputs": {
        "nixpkgs": [
          "nixpkgs"
        ]
      },
      "locked": {
        "lastModified": 1790247521,
        "narHash": "sha256-TNfgoHsqsYYvaJImlWctfRkh4PseTagzegU1Dgdbehw=",
        "ref": "refs/heads/master",
        "rev": "2bd00bd9bb35fe6d114888c8f1c2e946c541dd8f",
        "revCount": 1247,
        "type": "git",
        "url": "https://github.com/Mic92/sops-nix"
      },
      "original": {
        "type": "git",
        "url": "https://github.com/Mic92/sops-nix"
      }
    }
  },
  "root": "root",
  "version": 7
}
